{
  "originHash" : "1de789077e4e9f573f9f6e6c9b275152215cea19a258023efa91e8454b08c8d7",
  "pins" : [
    {
      "identity" : "sendbird-chat-sdk-ios",
      "kind" : "remoteSourceControl",
      "location" : "https://github.com/sendbird/sendbird-chat-sdk-ios",
      "state" : {
        "revision" : "88c7e2602c0431790f0df81cb6097047f8b2104a",
        "version" : "4.29.0"
      }
    },
    {
      "identity" : "sendbird-uikit-ios-spm",
      "kind" : "remoteSourceControl",
      "location" : "https://github.com/sendbird/sendbird-uikit-ios-spm",
      "state" : {
        "revision" : "2258f753fbfecaab633ecc5870da5b7c42536c05",
        "version" : "3.31.0"
      }
    }
  ],
  "version" : 3
}
